{
    "name": "minecraftjs",
    "version": "4.5.0",
    "lockfileVersion": 1,
    "requires": true,
    "dependencies": {
        "sys-nodehttp": {
            "version": "1.3.7",
            "resolved": "https://registry.npmjs.org/sys-nodehttp/-/sys-nodehttp-1.3.7.tgz",
            "integrity": "sha512-B204PLzDmxFnvdaNIyxIR4jydc2/AR7XMoqJFzZpfkayrCy6TnN/6FNoUD2XYnb/2k0Qz5BoVVp9Q8pfcH4xdQ=="
        }
    }
}
